// !$*UTF8*$!
{
	archiveVersion = 1;
	classes = {
	};
	objectVersion = 56;
	objects = {

/* Begin PBXBuildFile section */
		0CEDEE0B2CC2887900AA47CE /* CharacterListView.swift in Sources */ = {isa = PBXBuildFile; fileRef = 0CEDEE0A2CC2887900AA47CE /* CharacterListView.swift */; };
		0CEDEE0D2CC2887A00AA47CE /* Assets.xcassets in Resources */ = {isa = PBXBuildFile; fileRef = 0CEDEE0C2CC2887A00AA47CE /* Assets.xcassets */; };
		0CEDEE102CC2887A00AA47CE /* Preview Assets.xcassets in Resources */ = {isa = PBXBuildFile; fileRef = 0CEDEE0F2CC2887A00AA47CE /* Preview Assets.xcassets */; };
		0CEDEE1D2CC28C8800AA47CE /* AppDependencyContainer.swift in Sources */ = {isa = PBXBuildFile; fileRef = 0CEDEE1C2CC28C8800AA47CE /* AppDependencyContainer.swift */; };
		0CEDEE282CC28DE400AA47CE /* Alamofire in Frameworks */ = {isa = PBXBuildFile; productRef = 0CEDEE272CC28DE400AA47CE /* Alamofire */; };
		0CEDEE2A2CC28E5600AA47CE /* CharacterTableVIew.swift in Sources */ = {isa = PBXBuildFile; fileRef = 0CEDEE292CC28E5600AA47CE /* CharacterTableVIew.swift */; };
		0CEDEE2C2CC28F2800AA47CE /* CharacterCard.swift in Sources */ = {isa = PBXBuildFile; fileRef = 0CEDEE2B2CC28F2800AA47CE /* CharacterCard.swift */; };
		0CEDEE2E2CC2975600AA47CE /* RemoteAPI.swift in Sources */ = {isa = PBXBuildFile; fileRef = 0CEDEE2D2CC2975600AA47CE /* RemoteAPI.swift */; };
		0CEDEE332CC2ACC000AA47CE /* NetworkError.swift in Sources */ = {isa = PBXBuildFile; fileRef = 0CEDEE322CC2ACC000AA47CE /* NetworkError.swift */; };
		0CEDEE352CC2B09800AA47CE /* NetworkConstants.swift in Sources */ = {isa = PBXBuildFile; fileRef = 0CEDEE342CC2B09800AA47CE /* NetworkConstants.swift */; };
		0CEDEE3B2CC2D4E500AA47CE /* CharacterListDTO.swift in Sources */ = {isa = PBXBuildFile; fileRef = 0CEDEE3A2CC2D4E500AA47CE /* CharacterListDTO.swift */; };
		0CEDEE3D2CC2D69F00AA47CE /* CharacterLocationDTO.swift in Sources */ = {isa = PBXBuildFile; fileRef = 0CEDEE3C2CC2D69F00AA47CE /* CharacterLocationDTO.swift */; };
		0CEDEE3F2CC2D6C500AA47CE /* CharacterListResultDTO.swift in Sources */ = {isa = PBXBuildFile; fileRef = 0CEDEE3E2CC2D6C500AA47CE /* CharacterListResultDTO.swift */; };
		0CEDEE412CC2D6DF00AA47CE /* CharacterListInfoDTO.swift in Sources */ = {isa = PBXBuildFile; fileRef = 0CEDEE402CC2D6DF00AA47CE /* CharacterListInfoDTO.swift */; };
		0CEDEE432CC2D82E00AA47CE /* CharacterListRemoteAPI.swift in Sources */ = {isa = PBXBuildFile; fileRef = 0CEDEE422CC2D82E00AA47CE /* CharacterListRemoteAPI.swift */; };
		0CEDEE492CC2D9B800AA47CE /* CharacterListRepository.swift in Sources */ = {isa = PBXBuildFile; fileRef = 0CEDEE482CC2D9B800AA47CE /* CharacterListRepository.swift */; };
		0CEDEE4B2CC2D9FF00AA47CE /* CharacterList.swift in Sources */ = {isa = PBXBuildFile; fileRef = 0CEDEE4A2CC2D9FF00AA47CE /* CharacterList.swift */; };
		0CEDEE4D2CC2E00100AA47CE /* CharacterListInfo.swift in Sources */ = {isa = PBXBuildFile; fileRef = 0CEDEE4C2CC2E00100AA47CE /* CharacterListInfo.swift */; };
		0CEDEE4F2CC2E01600AA47CE /* CharacterDetails.swift in Sources */ = {isa = PBXBuildFile; fileRef = 0CEDEE4E2CC2E01600AA47CE /* CharacterDetails.swift */; };
		0CEDEE512CC2E02A00AA47CE /* CharacterLocation.swift in Sources */ = {isa = PBXBuildFile; fileRef = 0CEDEE502CC2E02A00AA47CE /* CharacterLocation.swift */; };
		0CEDEE532CC2E06400AA47CE /* DefaultCharacterListRepository.swift in Sources */ = {isa = PBXBuildFile; fileRef = 0CEDEE522CC2E06400AA47CE /* DefaultCharacterListRepository.swift */; };
		0CEDEE552CC2EA5B00AA47CE /* GetCharacterListUseCase.swift in Sources */ = {isa = PBXBuildFile; fileRef = 0CEDEE542CC2EA5A00AA47CE /* GetCharacterListUseCase.swift */; };
		0CEDEE572CC2EC6900AA47CE /* CharacterListViewModel.swift in Sources */ = {isa = PBXBuildFile; fileRef = 0CEDEE562CC2EC6900AA47CE /* CharacterListViewModel.swift */; };
		0CEDEE5A2CC3F78500AA47CE /* CharacterListDependencyContainer.swift in Sources */ = {isa = PBXBuildFile; fileRef = 0CEDEE592CC3F78500AA47CE /* CharacterListDependencyContainer.swift */; };
		0CEDEE5E2CC3FDE700AA47CE /* CharacterListCoordinator.swift in Sources */ = {isa = PBXBuildFile; fileRef = 0CEDEE5D2CC3FDE700AA47CE /* CharacterListCoordinator.swift */; };
		0CEDEE632CC444CF00AA47CE /* DefaultCharacterListCoordinator.swift in Sources */ = {isa = PBXBuildFile; fileRef = 0CEDEE622CC444CF00AA47CE /* DefaultCharacterListCoordinator.swift */; };
		0CEDEE692CC4474C00AA47CE /* CharacterDetailsView.swift in Sources */ = {isa = PBXBuildFile; fileRef = 0CEDEE682CC4474C00AA47CE /* CharacterDetailsView.swift */; };
		0CEDEE6B2CC4481D00AA47CE /* CharacterDetailsViewModel.swift in Sources */ = {isa = PBXBuildFile; fileRef = 0CEDEE6A2CC4481D00AA47CE /* CharacterDetailsViewModel.swift */; };
		0CEDEE6D2CC450B300AA47CE /* AppDelegate.swift in Sources */ = {isa = PBXBuildFile; fileRef = 0CEDEE6C2CC450B300AA47CE /* AppDelegate.swift */; };
		0CEDEE6F2CC4537D00AA47CE /* Coordinator.swift in Sources */ = {isa = PBXBuildFile; fileRef = 0CEDEE6E2CC4537D00AA47CE /* Coordinator.swift */; };
		0CEDEE712CC45A0200AA47CE /* AppCoordinator.swift in Sources */ = {isa = PBXBuildFile; fileRef = 0CEDEE702CC45A0200AA47CE /* AppCoordinator.swift */; };
		0CEDEE732CC47EBD00AA47CE /* README.md in Sources */ = {isa = PBXBuildFile; fileRef = 0CEDEE722CC47EBD00AA47CE /* README.md */; };
/* End PBXBuildFile section */

/* Begin PBXFileReference section */
		0CEDEE052CC2887900AA47CE /* Rick and Morty.app */ = {isa = PBXFileReference; explicitFileType = wrapper.application; includeInIndex = 0; path = "Rick and Morty.app"; sourceTree = BUILT_PRODUCTS_DIR; };
		0CEDEE0A2CC2887900AA47CE /* CharacterListView.swift */ = {isa = PBXFileReference; lastKnownFileType = sourcecode.swift; path = CharacterListView.swift; sourceTree = "<group>"; };
		0CEDEE0C2CC2887A00AA47CE /* Assets.xcassets */ = {isa = PBXFileReference; lastKnownFileType = folder.assetcatalog; path = Assets.xcassets; sourceTree = "<group>"; };
		0CEDEE0F2CC2887A00AA47CE /* Preview Assets.xcassets */ = {isa = PBXFileReference; lastKnownFileType = folder.assetcatalog; path = "Preview Assets.xcassets"; sourceTree = "<group>"; };
		0CEDEE1C2CC28C8800AA47CE /* AppDependencyContainer.swift */ = {isa = PBXFileReference; lastKnownFileType = sourcecode.swift; path = AppDependencyContainer.swift; sourceTree = "<group>"; };
		0CEDEE292CC28E5600AA47CE /* CharacterTableVIew.swift */ = {isa = PBXFileReference; lastKnownFileType = sourcecode.swift; path = "\U0010CharacterTableVIew.swift"; sourceTree = "<group>"; };
		0CEDEE2B2CC28F2800AA47CE /* CharacterCard.swift */ = {isa = PBXFileReference; lastKnownFileType = sourcecode.swift; path = CharacterCard.swift; sourceTree = "<group>"; };
		0CEDEE2D2CC2975600AA47CE /* RemoteAPI.swift */ = {isa = PBXFileReference; lastKnownFileType = sourcecode.swift; path = RemoteAPI.swift; sourceTree = "<group>"; };
		0CEDEE2F2CC2A92200AA47CE /* Rick-and-Morty-Info.plist */ = {isa = PBXFileReference; lastKnownFileType = text.plist; path = "Rick-and-Morty-Info.plist"; sourceTree = SOURCE_ROOT; };
		0CEDEE322CC2ACC000AA47CE /* NetworkError.swift */ = {isa = PBXFileReference; lastKnownFileType = sourcecode.swift; path = NetworkError.swift; sourceTree = "<group>"; };
		0CEDEE342CC2B09800AA47CE /* NetworkConstants.swift */ = {isa = PBXFileReference; lastKnownFileType = sourcecode.swift; path = NetworkConstants.swift; sourceTree = "<group>"; };
		0CEDEE3A2CC2D4E500AA47CE /* CharacterListDTO.swift */ = {isa = PBXFileReference; lastKnownFileType = sourcecode.swift; path = CharacterListDTO.swift; sourceTree = "<group>"; };
		0CEDEE3C2CC2D69F00AA47CE /* CharacterLocationDTO.swift */ = {isa = PBXFileReference; lastKnownFileType = sourcecode.swift; path = CharacterLocationDTO.swift; sourceTree = "<group>"; };
		0CEDEE3E2CC2D6C500AA47CE /* CharacterListResultDTO.swift */ = {isa = PBXFileReference; lastKnownFileType = sourcecode.swift; path = CharacterListResultDTO.swift; sourceTree = "<group>"; };
		0CEDEE402CC2D6DF00AA47CE /* CharacterListInfoDTO.swift */ = {isa = PBXFileReference; lastKnownFileType = sourcecode.swift; path = CharacterListInfoDTO.swift; sourceTree = "<group>"; };
		0CEDEE422CC2D82E00AA47CE /* CharacterListRemoteAPI.swift */ = {isa = PBXFileReference; lastKnownFileType = sourcecode.swift; path = CharacterListRemoteAPI.swift; sourceTree = "<group>"; };
		0CEDEE482CC2D9B800AA47CE /* CharacterListRepository.swift */ = {isa = PBXFileReference; lastKnownFileType = sourcecode.swift; path = CharacterListRepository.swift; sourceTree = "<group>"; };
		0CEDEE4A2CC2D9FF00AA47CE /* CharacterList.swift */ = {isa = PBXFileReference; lastKnownFileType = sourcecode.swift; path = CharacterList.swift; sourceTree = "<group>"; };
		0CEDEE4C2CC2E00100AA47CE /* CharacterListInfo.swift */ = {isa = PBXFileReference; lastKnownFileType = sourcecode.swift; path = CharacterListInfo.swift; sourceTree = "<group>"; };
		0CEDEE4E2CC2E01600AA47CE /* CharacterDetails.swift */ = {isa = PBXFileReference; lastKnownFileType = sourcecode.swift; path = CharacterDetails.swift; sourceTree = "<group>"; };
		0CEDEE502CC2E02A00AA47CE /* CharacterLocation.swift */ = {isa = PBXFileReference; lastKnownFileType = sourcecode.swift; path = CharacterLocation.swift; sourceTree = "<group>"; };
		0CEDEE522CC2E06400AA47CE /* DefaultCharacterListRepository.swift */ = {isa = PBXFileReference; lastKnownFileType = sourcecode.swift; path = DefaultCharacterListRepository.swift; sourceTree = "<group>"; };
		0CEDEE542CC2EA5A00AA47CE /* GetCharacterListUseCase.swift */ = {isa = PBXFileReference; lastKnownFileType = sourcecode.swift; path = GetCharacterListUseCase.swift; sourceTree = "<group>"; };
		0CEDEE562CC2EC6900AA47CE /* CharacterListViewModel.swift */ = {isa = PBXFileReference; lastKnownFileType = sourcecode.swift; path = CharacterListViewModel.swift; sourceTree = "<group>"; };
		0CEDEE592CC3F78500AA47CE /* CharacterListDependencyContainer.swift */ = {isa = PBXFileReference; lastKnownFileType = sourcecode.swift; path = CharacterListDependencyContainer.swift; sourceTree = "<group>"; };
		0CEDEE5D2CC3FDE700AA47CE /* CharacterListCoordinator.swift */ = {isa = PBXFileReference; lastKnownFileType = sourcecode.swift; path = CharacterListCoordinator.swift; sourceTree = "<group>"; };
		0CEDEE622CC444CF00AA47CE /* DefaultCharacterListCoordinator.swift */ = {isa = PBXFileReference; lastKnownFileType = sourcecode.swift; path = DefaultCharacterListCoordinator.swift; sourceTree = "<group>"; };
		0CEDEE682CC4474C00AA47CE /* CharacterDetailsView.swift */ = {isa = PBXFileReference; lastKnownFileType = sourcecode.swift; path = CharacterDetailsView.swift; sourceTree = "<group>"; };
		0CEDEE6A2CC4481D00AA47CE /* CharacterDetailsViewModel.swift */ = {isa = PBXFileReference; lastKnownFileType = sourcecode.swift; path = CharacterDetailsViewModel.swift; sourceTree = "<group>"; };
		0CEDEE6C2CC450B300AA47CE /* AppDelegate.swift */ = {isa = PBXFileReference; lastKnownFileType = sourcecode.swift; path = AppDelegate.swift; sourceTree = "<group>"; };
		0CEDEE6E2CC4537D00AA47CE /* Coordinator.swift */ = {isa = PBXFileReference; lastKnownFileType = sourcecode.swift; path = Coordinator.swift; sourceTree = "<group>"; };
		0CEDEE702CC45A0200AA47CE /* AppCoordinator.swift */ = {isa = PBXFileReference; lastKnownFileType = sourcecode.swift; path = AppCoordinator.swift; sourceTree = "<group>"; };
		0CEDEE722CC47EBD00AA47CE /* README.md */ = {isa = PBXFileReference; lastKnownFileType = net.daringfireball.markdown; path = README.md; sourceTree = "<group>"; };
/* End PBXFileReference section */

/* Begin PBXFrameworksBuildPhase section */
		0CEDEE022CC2887900AA47CE /* Frameworks */ = {
			isa = PBXFrameworksBuildPhase;
			buildActionMask = 2147483647;
			files = (
				0CEDEE282CC28DE400AA47CE /* Alamofire in Frameworks */,
			);
			runOnlyForDeploymentPostprocessing = 0;
		};
/* End PBXFrameworksBuildPhase section */

/* Begin PBXGroup section */
		0CEDEDFC2CC2887900AA47CE = {
			isa = PBXGroup;
			children = (
				0CEDEE072CC2887900AA47CE /* Rick and Morty */,
				0CEDEE062CC2887900AA47CE /* Products */,
			);
			sourceTree = "<group>";
		};
		0CEDEE062CC2887900AA47CE /* Products */ = {
			isa = PBXGroup;
			children = (
				0CEDEE052CC2887900AA47CE /* Rick and Morty.app */,
			);
			name = Products;
			sourceTree = "<group>";
		};
		0CEDEE072CC2887900AA47CE /* Rick and Morty */ = {
			isa = PBXGroup;
			children = (
				0CEDEE722CC47EBD00AA47CE /* README.md */,
				0CEDEE2F2CC2A92200AA47CE /* Rick-and-Morty-Info.plist */,
				0CEDEE162CC2892E00AA47CE /* Application */,
				0CEDEE172CC28A0200AA47CE /* Presentation */,
				0CEDEE182CC28A0900AA47CE /* Domain */,
				0CEDEE192CC28A0E00AA47CE /* Data */,
				0CEDEE1A2CC28A1500AA47CE /* Infrastructure */,
				0CEDEE0E2CC2887A00AA47CE /* Preview Content */,
			);
			path = "Rick and Morty";
			sourceTree = "<group>";
		};
		0CEDEE0E2CC2887A00AA47CE /* Preview Content */ = {
			isa = PBXGroup;
			children = (
				0CEDEE0F2CC2887A00AA47CE /* Preview Assets.xcassets */,
			);
			path = "Preview Content";
			sourceTree = "<group>";
		};
		0CEDEE162CC2892E00AA47CE /* Application */ = {
			isa = PBXGroup;
			children = (
				0CEDEE0C2CC2887A00AA47CE /* Assets.xcassets */,
				0CEDEE1C2CC28C8800AA47CE /* AppDependencyContainer.swift */,
				0CEDEE6C2CC450B300AA47CE /* AppDelegate.swift */,
				0CEDEE6E2CC4537D00AA47CE /* Coordinator.swift */,
				0CEDEE702CC45A0200AA47CE /* AppCoordinator.swift */,
			);
			path = Application;
			sourceTree = "<group>";
		};
		0CEDEE172CC28A0200AA47CE /* Presentation */ = {
			isa = PBXGroup;
			children = (
				0CEDEE232CC28CF700AA47CE /* CharacterList */,
			);
			path = Presentation;
			sourceTree = "<group>";
		};
		0CEDEE182CC28A0900AA47CE /* Domain */ = {
			isa = PBXGroup;
			children = (
				0CEDEE452CC2D98600AA47CE /* CharacterList */,
			);
			path = Domain;
			sourceTree = "<group>";
		};
		0CEDEE192CC28A0E00AA47CE /* Data */ = {
			isa = PBXGroup;
			children = (
				0CEDEE362CC2D1FE00AA47CE /* CharacterList */,
			);
			path = Data;
			sourceTree = "<group>";
		};
		0CEDEE1A2CC28A1500AA47CE /* Infrastructure */ = {
			isa = PBXGroup;
			children = (
				0CEDEE1B2CC28A3600AA47CE /* Network */,
			);
			path = Infrastructure;
			sourceTree = "<group>";
		};
		0CEDEE1B2CC28A3600AA47CE /* Network */ = {
			isa = PBXGroup;
			children = (
				0CEDEE2D2CC2975600AA47CE /* RemoteAPI.swift */,
				0CEDEE322CC2ACC000AA47CE /* NetworkError.swift */,
				0CEDEE342CC2B09800AA47CE /* NetworkConstants.swift */,
			);
			path = Network;
			sourceTree = "<group>";
		};
		0CEDEE232CC28CF700AA47CE /* CharacterList */ = {
			isa = PBXGroup;
			children = (
				0CEDEE652CC446A400AA47CE /* CharacterDetails */,
				0CEDEE642CC4468300AA47CE /* CharacterListScreen */,
				0CEDEE612CC4444C00AA47CE /* CharacterListCoordinator */,
				0CEDEE582CC3F74B00AA47CE /* CharacterListDI */,
			);
			path = CharacterList;
			sourceTree = "<group>";
		};
		0CEDEE242CC28D0600AA47CE /* View */ = {
			isa = PBXGroup;
			children = (
				0CEDEE0A2CC2887900AA47CE /* CharacterListView.swift */,
				0CEDEE292CC28E5600AA47CE /* CharacterTableVIew.swift */,
				0CEDEE2B2CC28F2800AA47CE /* CharacterCard.swift */,
			);
			path = View;
			sourceTree = "<group>";
		};
		0CEDEE252CC28D0B00AA47CE /* ViewModel */ = {
			isa = PBXGroup;
			children = (
				0CEDEE562CC2EC6900AA47CE /* CharacterListViewModel.swift */,
			);
			path = ViewModel;
			sourceTree = "<group>";
		};
		0CEDEE362CC2D1FE00AA47CE /* CharacterList */ = {
			isa = PBXGroup;
			children = (
				0CEDEE392CC2D21D00AA47CE /* Models */,
				0CEDEE382CC2D21400AA47CE /* Repository */,
				0CEDEE372CC2D20D00AA47CE /* Remote */,
			);
			path = CharacterList;
			sourceTree = "<group>";
		};
		0CEDEE372CC2D20D00AA47CE /* Remote */ = {
			isa = PBXGroup;
			children = (
				0CEDEE422CC2D82E00AA47CE /* CharacterListRemoteAPI.swift */,
			);
			path = Remote;
			sourceTree = "<group>";
		};
		0CEDEE382CC2D21400AA47CE /* Repository */ = {
			isa = PBXGroup;
			children = (
				0CEDEE522CC2E06400AA47CE /* DefaultCharacterListRepository.swift */,
			);
			path = Repository;
			sourceTree = "<group>";
		};
		0CEDEE392CC2D21D00AA47CE /* Models */ = {
			isa = PBXGroup;
			children = (
				0CEDEE3A2CC2D4E500AA47CE /* CharacterListDTO.swift */,
				0CEDEE3E2CC2D6C500AA47CE /* CharacterListResultDTO.swift */,
				0CEDEE402CC2D6DF00AA47CE /* CharacterListInfoDTO.swift */,
				0CEDEE3C2CC2D69F00AA47CE /* CharacterLocationDTO.swift */,
			);
			path = Models;
			sourceTree = "<group>";
		};
		0CEDEE442CC2D97700AA47CE /* Entities */ = {
			isa = PBXGroup;
			children = (
				0CEDEE4A2CC2D9FF00AA47CE /* CharacterList.swift */,
				0CEDEE4C2CC2E00100AA47CE /* CharacterListInfo.swift */,
				0CEDEE4E2CC2E01600AA47CE /* CharacterDetails.swift */,
				0CEDEE502CC2E02A00AA47CE /* CharacterLocation.swift */,
			);
			path = Entities;
			sourceTree = "<group>";
		};
		0CEDEE452CC2D98600AA47CE /* CharacterList */ = {
			isa = PBXGroup;
			children = (
				0CEDEE472CC2D99D00AA47CE /* UseCases */,
				0CEDEE462CC2D99400AA47CE /* Interfaces */,
				0CEDEE442CC2D97700AA47CE /* Entities */,
			);
			path = CharacterList;
			sourceTree = "<group>";
		};
		0CEDEE462CC2D99400AA47CE /* Interfaces */ = {
			isa = PBXGroup;
			children = (
				0CEDEE482CC2D9B800AA47CE /* CharacterListRepository.swift */,
			);
			path = Interfaces;
			sourceTree = "<group>";
		};
		0CEDEE472CC2D99D00AA47CE /* UseCases */ = {
			isa = PBXGroup;
			children = (
				0CEDEE542CC2EA5A00AA47CE /* GetCharacterListUseCase.swift */,
			);
			path = UseCases;
			sourceTree = "<group>";
		};
		0CEDEE582CC3F74B00AA47CE /* CharacterListDI */ = {
			isa = PBXGroup;
			children = (
				0CEDEE592CC3F78500AA47CE /* CharacterListDependencyContainer.swift */,
			);
			path = CharacterListDI;
			sourceTree = "<group>";
		};
		0CEDEE612CC4444C00AA47CE /* CharacterListCoordinator */ = {
			isa = PBXGroup;
			children = (
				0CEDEE5D2CC3FDE700AA47CE /* CharacterListCoordinator.swift */,
				0CEDEE622CC444CF00AA47CE /* DefaultCharacterListCoordinator.swift */,
			);
			path = CharacterListCoordinator;
			sourceTree = "<group>";
		};
		0CEDEE642CC4468300AA47CE /* CharacterListScreen */ = {
			isa = PBXGroup;
			children = (
				0CEDEE242CC28D0600AA47CE /* View */,
				0CEDEE252CC28D0B00AA47CE /* ViewModel */,
			);
			path = CharacterListScreen;
			sourceTree = "<group>";
		};
		0CEDEE652CC446A400AA47CE /* CharacterDetails */ = {
			isa = PBXGroup;
			children = (
				0CEDEE662CC446B400AA47CE /* View */,
				0CEDEE672CC446BA00AA47CE /* ViewModel */,
			);
			path = CharacterDetails;
			sourceTree = "<group>";
		};
		0CEDEE662CC446B400AA47CE /* View */ = {
			isa = PBXGroup;
			children = (
				0CEDEE682CC4474C00AA47CE /* CharacterDetailsView.swift */,
			);
			path = View;
			sourceTree = "<group>";
		};
		0CEDEE672CC446BA00AA47CE /* ViewModel */ = {
			isa = PBXGroup;
			children = (
				0CEDEE6A2CC4481D00AA47CE /* CharacterDetailsViewModel.swift */,
			);
			path = ViewModel;
			sourceTree = "<group>";
		};
/* End PBXGroup section */

/* Begin PBXNativeTarget section */
		0CEDEE042CC2887900AA47CE /* Rick and Morty */ = {
			isa = PBXNativeTarget;
			buildConfigurationList = 0CEDEE132CC2887A00AA47CE /* Build configuration list for PBXNativeTarget "Rick and Morty" */;
			buildPhases = (
				0CEDEE012CC2887900AA47CE /* Sources */,
				0CEDEE022CC2887900AA47CE /* Frameworks */,
				0CEDEE032CC2887900AA47CE /* Resources */,
			);
			buildRules = (
			);
			dependencies = (
			);
			name = "Rick and Morty";
			packageProductDependencies = (
				0CEDEE272CC28DE400AA47CE /* Alamofire */,
			);
			productName = "Rick and Morty";
			productReference = 0CEDEE052CC2887900AA47CE /* Rick and Morty.app */;
			productType = "com.apple.product-type.application";
		};
/* End PBXNativeTarget section */

/* Begin PBXProject section */
		0CEDEDFD2CC2887900AA47CE /* Project object */ = {
			isa = PBXProject;
			attributes = {
				BuildIndependentTargetsInParallel = 1;
				LastSwiftUpdateCheck = 1540;
				LastUpgradeCheck = 1540;
				TargetAttributes = {
					0CEDEE042CC2887900AA47CE = {
						CreatedOnToolsVersion = 15.4;
					};
				};
			};
			buildConfigurationList = 0CEDEE002CC2887900AA47CE /* Build configuration list for PBXProject "Rick and Morty" */;
			compatibilityVersion = "Xcode 14.0";
			developmentRegion = en;
			hasScannedForEncodings = 0;
			knownRegions = (
				en,
				Base,
			);
			mainGroup = 0CEDEDFC2CC2887900AA47CE;
			packageReferences = (
				0CEDEE262CC28DE400AA47CE /* XCRemoteSwiftPackageReference "Alamofire" */,
			);
			productRefGroup = 0CEDEE062CC2887900AA47CE /* Products */;
			projectDirPath = "";
			projectRoot = "";
			targets = (
				0CEDEE042CC2887900AA47CE /* Rick and Morty */,
			);
		};
/* End PBXProject section */

/* Begin PBXResourcesBuildPhase section */
		0CEDEE032CC2887900AA47CE /* Resources */ = {
			isa = PBXResourcesBuildPhase;
			buildActionMask = 2147483647;
			files = (
				0CEDEE102CC2887A00AA47CE /* Preview Assets.xcassets in Resources */,
				0CEDEE0D2CC2887A00AA47CE /* Assets.xcassets in Resources */,
			);
			runOnlyForDeploymentPostprocessing = 0;
		};
/* End PBXResourcesBuildPhase section */

/* Begin PBXSourcesBuildPhase section */
		0CEDEE012CC2887900AA47CE /* Sources */ = {
			isa = PBXSourcesBuildPhase;
			buildActionMask = 2147483647;
			files = (
				0CEDEE3D2CC2D69F00AA47CE /* CharacterLocationDTO.swift in Sources */,
				0CEDEE432CC2D82E00AA47CE /* CharacterListRemoteAPI.swift in Sources */,
				0CEDEE352CC2B09800AA47CE /* NetworkConstants.swift in Sources */,
				0CEDEE2C2CC28F2800AA47CE /* CharacterCard.swift in Sources */,
				0CEDEE332CC2ACC000AA47CE /* NetworkError.swift in Sources */,
				0CEDEE2A2CC28E5600AA47CE /* CharacterTableVIew.swift in Sources */,
				0CEDEE412CC2D6DF00AA47CE /* CharacterListInfoDTO.swift in Sources */,
				0CEDEE4D2CC2E00100AA47CE /* CharacterListInfo.swift in Sources */,
				0CEDEE6F2CC4537D00AA47CE /* Coordinator.swift in Sources */,
				0CEDEE5A2CC3F78500AA47CE /* CharacterListDependencyContainer.swift in Sources */,
				0CEDEE6B2CC4481D00AA47CE /* CharacterDetailsViewModel.swift in Sources */,
				0CEDEE3B2CC2D4E500AA47CE /* CharacterListDTO.swift in Sources */,
				0CEDEE3F2CC2D6C500AA47CE /* CharacterListResultDTO.swift in Sources */,
				0CEDEE572CC2EC6900AA47CE /* CharacterListViewModel.swift in Sources */,
				0CEDEE5E2CC3FDE700AA47CE /* CharacterListCoordinator.swift in Sources */,
				0CEDEE692CC4474C00AA47CE /* CharacterDetailsView.swift in Sources */,
				0CEDEE492CC2D9B800AA47CE /* CharacterListRepository.swift in Sources */,
				0CEDEE0B2CC2887900AA47CE /* CharacterListView.swift in Sources */,
				0CEDEE1D2CC28C8800AA47CE /* AppDependencyContainer.swift in Sources */,
				0CEDEE4F2CC2E01600AA47CE /* CharacterDetails.swift in Sources */,
				0CEDEE712CC45A0200AA47CE /* AppCoordinator.swift in Sources */,
				0CEDEE732CC47EBD00AA47CE /* README.md in Sources */,
				0CEDEE552CC2EA5B00AA47CE /* GetCharacterListUseCase.swift in Sources */,
				0CEDEE632CC444CF00AA47CE /* DefaultCharacterListCoordinator.swift in Sources */,
				0CEDEE6D2CC450B300AA47CE /* AppDelegate.swift in Sources */,
				0CEDEE532CC2E06400AA47CE /* DefaultCharacterListRepository.swift in Sources */,
				0CEDEE4B2CC2D9FF00AA47CE /* CharacterList.swift in Sources */,
				0CEDEE2E2CC2975600AA47CE /* RemoteAPI.swift in Sources */,
				0CEDEE512CC2E02A00AA47CE /* CharacterLocation.swift in Sources */,
			);
			runOnlyForDeploymentPostprocessing = 0;
		};
/* End PBXSourcesBuildPhase section */

/* Begin XCBuildConfiguration section */
		0CEDEE112CC2887A00AA47CE /* Debug */ = {
			isa = XCBuildConfiguration;
			buildSettings = {
				ALWAYS_SEARCH_USER_PATHS = NO;
				ASSETCATALOG_COMPILER_GENERATE_SWIFT_ASSET_SYMBOL_EXTENSIONS = YES;
				CLANG_ANALYZER_NONNULL = YES;
				CLANG_ANALYZER_NUMBER_OBJECT_CONVERSION = YES_AGGRESSIVE;
				CLANG_CXX_LANGUAGE_STANDARD = "gnu++20";
				CLANG_ENABLE_MODULES = YES;
				CLANG_ENABLE_OBJC_ARC = YES;
				CLANG_ENABLE_OBJC_WEAK = YES;
				CLANG_WARN_BLOCK_CAPTURE_AUTORELEASING = YES;
				CLANG_WARN_BOOL_CONVERSION = YES;
				CLANG_WARN_COMMA = YES;
				CLANG_WARN_CONSTANT_CONVERSION = YES;
				CLANG_WARN_DEPRECATED_OBJC_IMPLEMENTATIONS = YES;
				CLANG_WARN_DIRECT_OBJC_ISA_USAGE = YES_ERROR;
				CLANG_WARN_DOCUMENTATION_COMMENTS = YES;
				CLANG_WARN_EMPTY_BODY = YES;
				CLANG_WARN_ENUM_CONVERSION = YES;
				CLANG_WARN_INFINITE_RECURSION = YES;
				CLANG_WARN_INT_CONVERSION = YES;
				CLANG_WARN_NON_LITERAL_NULL_CONVERSION = YES;
				CLANG_WARN_OBJC_IMPLICIT_RETAIN_SELF = YES;
				CLANG_WARN_OBJC_LITERAL_CONVERSION = YES;
				CLANG_WARN_OBJC_ROOT_CLASS = YES_ERROR;
				CLANG_WARN_QUOTED_INCLUDE_IN_FRAMEWORK_HEADER = YES;
				CLANG_WARN_RANGE_LOOP_ANALYSIS = YES;
				CLANG_WARN_STRICT_PROTOTYPES = YES;
				CLANG_WARN_SUSPICIOUS_MOVE = YES;
				CLANG_WARN_UNGUARDED_AVAILABILITY = YES_AGGRESSIVE;
				CLANG_WARN_UNREACHABLE_CODE = YES;
				CLANG_WARN__DUPLICATE_METHOD_MATCH = YES;
				COPY_PHASE_STRIP = NO;
				DEBUG_INFORMATION_FORMAT = dwarf;
				ENABLE_STRICT_OBJC_MSGSEND = YES;
				ENABLE_TESTABILITY = YES;
				ENABLE_USER_SCRIPT_SANDBOXING = YES;
				GCC_C_LANGUAGE_STANDARD = gnu17;
				GCC_DYNAMIC_NO_PIC = NO;
				GCC_NO_COMMON_BLOCKS = YES;
				GCC_OPTIMIZATION_LEVEL = 0;
				GCC_PREPROCESSOR_DEFINITIONS = (
					"DEBUG=1",
					"$(inherited)",
				);
				GCC_WARN_64_TO_32_BIT_CONVERSION = YES;
				GCC_WARN_ABOUT_RETURN_TYPE = YES_ERROR;
				GCC_WARN_UNDECLARED_SELECTOR = YES;
				GCC_WARN_UNINITIALIZED_AUTOS = YES_AGGRESSIVE;
				GCC_WARN_UNUSED_FUNCTION = YES;
				GCC_WARN_UNUSED_VARIABLE = YES;
				IPHONEOS_DEPLOYMENT_TARGET = 17.5;
				LOCALIZATION_PREFERS_STRING_CATALOGS = YES;
				MTL_ENABLE_DEBUG_INFO = INCLUDE_SOURCE;
				MTL_FAST_MATH = YES;
				ONLY_ACTIVE_ARCH = YES;
				SDKROOT = iphoneos;
				SWIFT_ACTIVE_COMPILATION_CONDITIONS = "DEBUG $(inherited)";
				SWIFT_OPTIMIZATION_LEVEL = "-Onone";
			};
			name = Debug;
		};
		0CEDEE122CC2887A00AA47CE /* Release */ = {
			isa = XCBuildConfiguration;
			buildSettings = {
				ALWAYS_SEARCH_USER_PATHS = NO;
				ASSETCATALOG_COMPILER_GENERATE_SWIFT_ASSET_SYMBOL_EXTENSIONS = YES;
				CLANG_ANALYZER_NONNULL = YES;
				CLANG_ANALYZER_NUMBER_OBJECT_CONVERSION = YES_AGGRESSIVE;
				CLANG_CXX_LANGUAGE_STANDARD = "gnu++20";
				CLANG_ENABLE_MODULES = YES;
				CLANG_ENABLE_OBJC_ARC = YES;
				CLANG_ENABLE_OBJC_WEAK = YES;
				CLANG_WARN_BLOCK_CAPTURE_AUTORELEASING = YES;
				CLANG_WARN_BOOL_CONVERSION = YES;
				CLANG_WARN_COMMA = YES;
				CLANG_WARN_CONSTANT_CONVERSION = YES;
				CLANG_WARN_DEPRECATED_OBJC_IMPLEMENTATIONS = YES;
				CLANG_WARN_DIRECT_OBJC_ISA_USAGE = YES_ERROR;
				CLANG_WARN_DOCUMENTATION_COMMENTS = YES;
				CLANG_WARN_EMPTY_BODY = YES;
				CLANG_WARN_ENUM_CONVERSION = YES;
				CLANG_WARN_INFINITE_RECURSION = YES;
				CLANG_WARN_INT_CONVERSION = YES;
				CLANG_WARN_NON_LITERAL_NULL_CONVERSION = YES;
				CLANG_WARN_OBJC_IMPLICIT_RETAIN_SELF = YES;
				CLANG_WARN_OBJC_LITERAL_CONVERSION = YES;
				CLANG_WARN_OBJC_ROOT_CLASS = YES_ERROR;
				CLANG_WARN_QUOTED_INCLUDE_IN_FRAMEWORK_HEADER = YES;
				CLANG_WARN_RANGE_LOOP_ANALYSIS = YES;
				CLANG_WARN_STRICT_PROTOTYPES = YES;
				CLANG_WARN_SUSPICIOUS_MOVE = YES;
				CLANG_WARN_UNGUARDED_AVAILABILITY = YES_AGGRESSIVE;
				CLANG_WARN_UNREACHABLE_CODE = YES;
				CLANG_WARN__DUPLICATE_METHOD_MATCH = YES;
				COPY_PHASE_STRIP = NO;
				DEBUG_INFORMATION_FORMAT = "dwarf-with-dsym";
				ENABLE_NS_ASSERTIONS = NO;
				ENABLE_STRICT_OBJC_MSGSEND = YES;
				ENABLE_USER_SCRIPT_SANDBOXING = YES;
				GCC_C_LANGUAGE_STANDARD = gnu17;
				GCC_NO_COMMON_BLOCKS = YES;
				GCC_WARN_64_TO_32_BIT_CONVERSION = YES;
				GCC_WARN_ABOUT_RETURN_TYPE = YES_ERROR;
				GCC_WARN_UNDECLARED_SELECTOR = YES;
				GCC_WARN_UNINITIALIZED_AUTOS = YES_AGGRESSIVE;
				GCC_WARN_UNUSED_FUNCTION = YES;
				GCC_WARN_UNUSED_VARIABLE = YES;
				IPHONEOS_DEPLOYMENT_TARGET = 17.5;
				LOCALIZATION_PREFERS_STRING_CATALOGS = YES;
				MTL_ENABLE_DEBUG_INFO = NO;
				MTL_FAST_MATH = YES;
				SDKROOT = iphoneos;
				SWIFT_COMPILATION_MODE = wholemodule;
				VALIDATE_PRODUCT = YES;
			};
			name = Release;
		};
		0CEDEE142CC2887A00AA47CE /* Debug */ = {
			isa = XCBuildConfiguration;
			buildSettings = {
				ASSETCATALOG_COMPILER_APPICON_NAME = AppIcon;
				ASSETCATALOG_COMPILER_GLOBAL_ACCENT_COLOR_NAME = AccentColor;
				CODE_SIGN_STYLE = Automatic;
				CURRENT_PROJECT_VERSION = 1;
				DEVELOPMENT_ASSET_PATHS = "\"Rick and Morty/Preview Content\"";
				DEVELOPMENT_TEAM = 5P38WCGP2Y;
				ENABLE_PREVIEWS = YES;
				GENERATE_INFOPLIST_FILE = YES;
				INFOPLIST_FILE = "Rick-and-Morty-Info.plist";
				INFOPLIST_KEY_UIApplicationSupportsIndirectInputEvents = YES;
				INFOPLIST_KEY_UILaunchScreen_Generation = YES;
				INFOPLIST_KEY_UIMainStoryboardFile = "";
				INFOPLIST_KEY_UISupportedInterfaceOrientations = UIInterfaceOrientationPortrait;
				LD_RUNPATH_SEARCH_PATHS = (
					"$(inherited)",
					"@executable_path/Frameworks",
				);
				MARKETING_VERSION = 1.0;
				PRODUCT_BUNDLE_IDENTIFIER = "app.Rick-and-Morty";
				PRODUCT_NAME = "$(TARGET_NAME)";
				SWIFT_EMIT_LOC_STRINGS = YES;
				SWIFT_VERSION = 5.0;
				TARGETED_DEVICE_FAMILY = "1,2";
			};
			name = Debug;
		};
		0CEDEE152CC2887A00AA47CE /* Release */ = {
			isa = XCBuildConfiguration;
			buildSettings = {
				ASSETCATALOG_COMPILER_APPICON_NAME = AppIcon;
				ASSETCATALOG_COMPILER_GLOBAL_ACCENT_COLOR_NAME = AccentColor;
				CODE_SIGN_STYLE = Automatic;
				CURRENT_PROJECT_VERSION = 1;
				DEVELOPMENT_ASSET_PATHS = "\"Rick and Morty/Preview Content\"";
				DEVELOPMENT_TEAM = 5P38WCGP2Y;
				ENABLE_PREVIEWS = YES;
				GENERATE_INFOPLIST_FILE = YES;
				INFOPLIST_FILE = "Rick-and-Morty-Info.plist";
				INFOPLIST_KEY_UIApplicationSupportsIndirectInputEvents = YES;
				INFOPLIST_KEY_UILaunchScreen_Generation = YES;
				INFOPLIST_KEY_UIMainStoryboardFile = "";
				INFOPLIST_KEY_UISupportedInterfaceOrientations = UIInterfaceOrientationPortrait;
				LD_RUNPATH_SEARCH_PATHS = (
					"$(inherited)",
					"@executable_path/Frameworks",
				);
				MARKETING_VERSION = 1.0;
				PRODUCT_BUNDLE_IDENTIFIER = "app.Rick-and-Morty";
				PRODUCT_NAME = "$(TARGET_NAME)";
				SWIFT_EMIT_LOC_STRINGS = YES;
				SWIFT_VERSION = 5.0;
				TARGETED_DEVICE_FAMILY = "1,2";
			};
			name = Release;
		};
/* End XCBuildConfiguration section */

/* Begin XCConfigurationList section */
		0CEDEE002CC2887900AA47CE /* Build configuration list for PBXProject "Rick and Morty" */ = {
			isa = XCConfigurationList;
			buildConfigurations = (
				0CEDEE112CC2887A00AA47CE /* Debug */,
				0CEDEE122CC2887A00AA47CE /* Release */,
			);
			defaultConfigurationIsVisible = 0;
			defaultConfigurationName = Release;
		};
		0CEDEE132CC2887A00AA47CE /* Build configuration list for PBXNativeTarget "Rick and Morty" */ = {
			isa = XCConfigurationList;
			buildConfigurations = (
				0CEDEE142CC2887A00AA47CE /* Debug */,
				0CEDEE152CC2887A00AA47CE /* Release */,
			);
			defaultConfigurationIsVisible = 0;
			defaultConfigurationName = Release;
		};
/* End XCConfigurationList section */

/* Begin XCRemoteSwiftPackageReference section */
		0CEDEE262CC28DE400AA47CE /* XCRemoteSwiftPackageReference "Alamofire" */ = {
			isa = XCRemoteSwiftPackageReference;
			repositoryURL = "https://github.com/Alamofire/Alamofire";
			requirement = {
				kind = upToNextMajorVersion;
				minimumVersion = 5.10.0;
			};
		};
/* End XCRemoteSwiftPackageReference section */

/* Begin XCSwiftPackageProductDependency section */
		0CEDEE272CC28DE400AA47CE /* Alamofire */ = {
			isa = XCSwiftPackageProductDependency;
			package = 0CEDEE262CC28DE400AA47CE /* XCRemoteSwiftPackageReference "Alamofire" */;
			productName = Alamofire;
		};
/* End XCSwiftPackageProductDependency section */
	};
	rootObject = 0CEDEDFD2CC2887900AA47CE /* Project object */;
}
